// !$*UTF8*$!
{
	archiveVersion = 1;
	classes = {
	};
	objectVersion = 50;
	objects = {

/* Begin PBXBuildFile section */
		C846AC4524325AAC0056C5D4 /* Zero.swift in Sources */ = {isa = PBXBuildFile; fileRef = C846AC4424325AAC0056C5D4 /* Zero.swift */; };
		C88F9E6B230D791500E0168E /* AppDelegate.swift in Sources */ = {isa = PBXBuildFile; fileRef = C88F9E6A230D791500E0168E /* AppDelegate.swift */; };
		C88F9E6D230D791500E0168E /* SceneDelegate.swift in Sources */ = {isa = PBXBuildFile; fileRef = C88F9E6C230D791500E0168E /* SceneDelegate.swift */; };
		C88F9E6F230D791500E0168E /* ContentView.swift in Sources */ = {isa = PBXBuildFile; fileRef = C88F9E6E230D791500E0168E /* ContentView.swift */; };
		C88F9E71230D791700E0168E /* Assets.xcassets in Resources */ = {isa = PBXBuildFile; fileRef = C88F9E70230D791700E0168E /* Assets.xcassets */; };
		C88F9E74230D791700E0168E /* Preview Assets.xcassets in Resources */ = {isa = PBXBuildFile; fileRef = C88F9E73230D791700E0168E /* Preview Assets.xcassets */; };
		C88F9E77230D791700E0168E /* LaunchScreen.storyboard in Resources */ = {isa = PBXBuildFile; fileRef = C88F9E75230D791700E0168E /* LaunchScreen.storyboard */; };
		C88F9E82230D791700E0168E /* CatalystCalculatorTests.swift in Sources */ = {isa = PBXBuildFile; fileRef = C88F9E81230D791700E0168E /* CatalystCalculatorTests.swift */; };
		C88F9E8D230D791700E0168E /* CatalystCalculatorUITests.swift in Sources */ = {isa = PBXBuildFile; fileRef = C88F9E8C230D791700E0168E /* CatalystCalculatorUITests.swift */; };
		C88F9E9F230D7D0800E0168E /* Numbers.swift in Sources */ = {isa = PBXBuildFile; fileRef = C88F9E9E230D7D0800E0168E /* Numbers.swift */; };
		C88F9EB4230D83F500E0168E /* OPButton.swift in Sources */ = {isa = PBXBuildFile; fileRef = C88F9EB3230D83F500E0168E /* OPButton.swift */; };
		C88F9EC0230D891300E0168E /* ResetButton.swift in Sources */ = {isa = PBXBuildFile; fileRef = C88F9EBF230D891300E0168E /* ResetButton.swift */; };
/* End PBXBuildFile section */

/* Begin PBXContainerItemProxy section */
		C88F9E7E230D791700E0168E /* PBXContainerItemProxy */ = {
			isa = PBXContainerItemProxy;
			containerPortal = C88F9E5F230D791500E0168E /* Project object */;
			proxyType = 1;
			remoteGlobalIDString = C88F9E66230D791500E0168E;
			remoteInfo = CatalystCalculator;
		};
		C88F9E89230D791700E0168E /* PBXContainerItemProxy */ = {
			isa = PBXContainerItemProxy;
			containerPortal = C88F9E5F230D791500E0168E /* Project object */;
			proxyType = 1;
			remoteGlobalIDString = C88F9E66230D791500E0168E;
			remoteInfo = CatalystCalculator;
		};
/* End PBXContainerItemProxy section */

/* Begin PBXFileReference section */
		C846AC4424325AAC0056C5D4 /* Zero.swift */ = {isa = PBXFileReference; explicitFileType = sourcecode.swift; fileEncoding = 4; name = Zero.swift; path = CatalystCalculator/Buttons/Zero.swift; sourceTree = SOURCE_ROOT; };
		C88F9E67230D791500E0168E /* CatalystCalculator.app */ = {isa = PBXFileReference; explicitFileType = wrapper.application; includeInIndex = 0; path = CatalystCalculator.app; sourceTree = BUILT_PRODUCTS_DIR; };
		C88F9E6A230D791500E0168E /* AppDelegate.swift */ = {isa = PBXFileReference; lastKnownFileType = sourcecode.swift; path = AppDelegate.swift; sourceTree = "<group>"; };
		C88F9E6C230D791500E0168E /* SceneDelegate.swift */ = {isa = PBXFileReference; lastKnownFileType = sourcecode.swift; path = SceneDelegate.swift; sourceTree = "<group>"; };
		C88F9E6E230D791500E0168E /* ContentView.swift */ = {isa = PBXFileReference; lastKnownFileType = sourcecode.swift; path = ContentView.swift; sourceTree = "<group>"; };
		C88F9E70230D791700E0168E /* Assets.xcassets */ = {isa = PBXFileReference; lastKnownFileType = folder.assetcatalog; path = Assets.xcassets; sourceTree = "<group>"; };
		C88F9E73230D791700E0168E /* Preview Assets.xcassets */ = {isa = PBXFileReference; lastKnownFileType = folder.assetcatalog; path = "Preview Assets.xcassets"; sourceTree = "<group>"; };
		C88F9E76230D791700E0168E /* Base */ = {isa = PBXFileReference; lastKnownFileType = file.storyboard; name = Base; path = Base.lproj/LaunchScreen.storyboard; sourceTree = "<group>"; };
		C88F9E78230D791700E0168E /* Info.plist */ = {isa = PBXFileReference; lastKnownFileType = text.plist.xml; path = Info.plist; sourceTree = "<group>"; };
		C88F9E7D230D791700E0168E /* CatalystCalculatorTests.xctest */ = {isa = PBXFileReference; explicitFileType = wrapper.cfbundle; includeInIndex = 0; path = CatalystCalculatorTests.xctest; sourceTree = BUILT_PRODUCTS_DIR; };
		C88F9E81230D791700E0168E /* CatalystCalculatorTests.swift */ = {isa = PBXFileReference; lastKnownFileType = sourcecode.swift; path = CatalystCalculatorTests.swift; sourceTree = "<group>"; };
		C88F9E83230D791700E0168E /* Info.plist */ = {isa = PBXFileReference; lastKnownFileType = text.plist.xml; path = Info.plist; sourceTree = "<group>"; };
		C88F9E88230D791700E0168E /* CatalystCalculatorUITests.xctest */ = {isa = PBXFileReference; explicitFileType = wrapper.cfbundle; includeInIndex = 0; path = CatalystCalculatorUITests.xctest; sourceTree = BUILT_PRODUCTS_DIR; };
		C88F9E8C230D791700E0168E /* CatalystCalculatorUITests.swift */ = {isa = PBXFileReference; lastKnownFileType = sourcecode.swift; path = CatalystCalculatorUITests.swift; sourceTree = "<group>"; };
		C88F9E8E230D791700E0168E /* Info.plist */ = {isa = PBXFileReference; lastKnownFileType = text.plist.xml; path = Info.plist; sourceTree = "<group>"; };
		C88F9E9C230D7B3F00E0168E /* CatalystCalculator.entitlements */ = {isa = PBXFileReference; lastKnownFileType = text.plist.entitlements; path = CatalystCalculator.entitlements; sourceTree = "<group>"; };
		C88F9E9E230D7D0800E0168E /* Numbers.swift */ = {isa = PBXFileReference; explicitFileType = sourcecode.swift; name = Numbers.swift; path = CatalystCalculator/Buttons/Numbers.swift; sourceTree = SOURCE_ROOT; };
		C88F9EB3230D83F500E0168E /* OPButton.swift */ = {isa = PBXFileReference; explicitFileType = sourcecode.swift; name = OPButton.swift; path = CatalystCalculator/Buttons/OPButton.swift; sourceTree = SOURCE_ROOT; };
		C88F9EBF230D891300E0168E /* ResetButton.swift */ = {isa = PBXFileReference; explicitFileType = sourcecode.swift; name = ResetButton.swift; path = CatalystCalculator/Buttons/ResetButton.swift; sourceTree = SOURCE_ROOT; };
/* End PBXFileReference section */

/* Begin PBXFrameworksBuildPhase section */
		C88F9E64230D791500E0168E /* Frameworks */ = {
			isa = PBXFrameworksBuildPhase;
			buildActionMask = 2147483647;
			files = (
			);
			runOnlyForDeploymentPostprocessing = 0;
		};
		C88F9E7A230D791700E0168E /* Frameworks */ = {
			isa = PBXFrameworksBuildPhase;
			buildActionMask = 2147483647;
			files = (
			);
			runOnlyForDeploymentPostprocessing = 0;
		};
		C88F9E85230D791700E0168E /* Frameworks */ = {
			isa = PBXFrameworksBuildPhase;
			buildActionMask = 2147483647;
			files = (
			);
			runOnlyForDeploymentPostprocessing = 0;
		};
/* End PBXFrameworksBuildPhase section */

/* Begin PBXGroup section */
		C846AC462432FCA00056C5D4 /* Buttons */ = {
			isa = PBXGroup;
			children = (
				C88F9EBF230D891300E0168E /* ResetButton.swift */,
				C88F9E9E230D7D0800E0168E /* Numbers.swift */,
				C846AC4424325AAC0056C5D4 /* Zero.swift */,
				C88F9EB3230D83F500E0168E /* OPButton.swift */,
			);
			name = Buttons;
			path = /Users/antonstadie/Developer/catalystcalculator/CatalystCalculator/Buttons;
			sourceTree = "<absolute>";
		};
		C88F9E5E230D791500E0168E = {
			isa = PBXGroup;
			children = (
				C88F9E69230D791500E0168E /* CatalystCalculator */,
				C88F9E80230D791700E0168E /* CatalystCalculatorTests */,
				C88F9E8B230D791700E0168E /* CatalystCalculatorUITests */,
				C88F9E68230D791500E0168E /* Products */,
			);
			sourceTree = "<group>";
		};
		C88F9E68230D791500E0168E /* Products */ = {
			isa = PBXGroup;
			children = (
				C88F9E67230D791500E0168E /* CatalystCalculator.app */,
				C88F9E7D230D791700E0168E /* CatalystCalculatorTests.xctest */,
				C88F9E88230D791700E0168E /* CatalystCalculatorUITests.xctest */,
			);
			name = Products;
			sourceTree = "<group>";
		};
		C88F9E69230D791500E0168E /* CatalystCalculator */ = {
			isa = PBXGroup;
			children = (
				C846AC462432FCA00056C5D4 /* Buttons */,
				C88F9E9C230D7B3F00E0168E /* CatalystCalculator.entitlements */,
				C88F9E6A230D791500E0168E /* AppDelegate.swift */,
				C88F9E6C230D791500E0168E /* SceneDelegate.swift */,
				C88F9E6E230D791500E0168E /* ContentView.swift */,
				C88F9E70230D791700E0168E /* Assets.xcassets */,
				C88F9E75230D791700E0168E /* LaunchScreen.storyboard */,
				C88F9E78230D791700E0168E /* Info.plist */,
				C88F9E72230D791700E0168E /* Preview Content */,
			);
			path = CatalystCalculator;
			sourceTree = "<group>";
		};
		C88F9E72230D791700E0168E /* Preview Content */ = {
			isa = PBXGroup;
			children = (
				C88F9E73230D791700E0168E /* Preview Assets.xcassets */,
			);
			path = "Preview Content";
			sourceTree = "<group>";
		};
		C88F9E80230D791700E0168E /* CatalystCalculatorTests */ = {
			isa = PBXGroup;
			children = (
				C88F9E81230D791700E0168E /* CatalystCalculatorTests.swift */,
				C88F9E83230D791700E0168E /* Info.plist */,
			);
			path = CatalystCalculatorTests;
			sourceTree = "<group>";
		};
		C88F9E8B230D791700E0168E /* CatalystCalculatorUITests */ = {
			isa = PBXGroup;
			children = (
				C88F9E8C230D791700E0168E /* CatalystCalculatorUITests.swift */,
				C88F9E8E230D791700E0168E /* Info.plist */,
			);
			path = CatalystCalculatorUITests;
			sourceTree = "<group>";
		};
/* End PBXGroup section */

/* Begin PBXNativeTarget section */
		C88F9E66230D791500E0168E /* CatalystCalculator */ = {
			isa = PBXNativeTarget;
			buildConfigurationList = C88F9E91230D791700E0168E /* Build configuration list for PBXNativeTarget "CatalystCalculator" */;
			buildPhases = (
				C88F9E63230D791500E0168E /* Sources */,
				C88F9E64230D791500E0168E /* Frameworks */,
				C88F9E65230D791500E0168E /* Resources */,
			);
			buildRules = (
			);
			dependencies = (
			);
			name = CatalystCalculator;
			productName = CatalystCalculator;
			productReference = C88F9E67230D791500E0168E /* CatalystCalculator.app */;
			productType = "com.apple.product-type.application";
		};
		C88F9E7C230D791700E0168E /* CatalystCalculatorTests */ = {
			isa = PBXNativeTarget;
			buildConfigurationList = C88F9E94230D791700E0168E /* Build configuration list for PBXNativeTarget "CatalystCalculatorTests" */;
			buildPhases = (
				C88F9E79230D791700E0168E /* Sources */,
				C88F9E7A230D791700E0168E /* Frameworks */,
				C88F9E7B230D791700E0168E /* Resources */,
			);
			buildRules = (
			);
			dependencies = (
				C88F9E7F230D791700E0168E /* PBXTargetDependency */,
			);
			name = CatalystCalculatorTests;
			productName = CatalystCalculatorTests;
			productReference = C88F9E7D230D791700E0168E /* CatalystCalculatorTests.xctest */;
			productType = "com.apple.product-type.bundle.unit-test";
		};
		C88F9E87230D791700E0168E /* CatalystCalculatorUITests */ = {
			isa = PBXNativeTarget;
			buildConfigurationList = C88F9E97230D791700E0168E /* Build configuration list for PBXNativeTarget "CatalystCalculatorUITests" */;
			buildPhases = (
				C88F9E84230D791700E0168E /* Sources */,
				C88F9E85230D791700E0168E /* Frameworks */,
				C88F9E86230D791700E0168E /* Resources */,
			);
			buildRules = (
			);
			dependencies = (
				C88F9E8A230D791700E0168E /* PBXTargetDependency */,
			);
			name = CatalystCalculatorUITests;
			productName = CatalystCalculatorUITests;
			productReference = C88F9E88230D791700E0168E /* CatalystCalculatorUITests.xctest */;
			productType = "com.apple.product-type.bundle.ui-testing";
		};
/* End PBXNativeTarget section */

/* Begin PBXProject section */
		C88F9E5F230D791500E0168E /* Project object */ = {
			isa = PBXProject;
			attributes = {
				LastSwiftUpdateCheck = 1100;
				LastUpgradeCheck = 1100;
				ORGANIZATIONNAME = "Anton Stadie";
				TargetAttributes = {
					C88F9E66230D791500E0168E = {
						CreatedOnToolsVersion = 11.0;
					};
					C88F9E7C230D791700E0168E = {
						CreatedOnToolsVersion = 11.0;
						TestTargetID = C88F9E66230D791500E0168E;
					};
					C88F9E87230D791700E0168E = {
						CreatedOnToolsVersion = 11.0;
						TestTargetID = C88F9E66230D791500E0168E;
					};
				};
			};
			buildConfigurationList = C88F9E62230D791500E0168E /* Build configuration list for PBXProject "CatalystCalculator" */;
			compatibilityVersion = "Xcode 9.3";
			developmentRegion = en;
			hasScannedForEncodings = 0;
			knownRegions = (
				en,
				Base,
			);
			mainGroup = C88F9E5E230D791500E0168E;
			productRefGroup = C88F9E68230D791500E0168E /* Products */;
			projectDirPath = "";
			projectRoot = "";
			targets = (
				C88F9E66230D791500E0168E /* CatalystCalculator */,
				C88F9E7C230D791700E0168E /* CatalystCalculatorTests */,
				C88F9E87230D791700E0168E /* CatalystCalculatorUITests */,
			);
		};
/* End PBXProject section */

/* Begin PBXResourcesBuildPhase section */
		C88F9E65230D791500E0168E /* Resources */ = {
			isa = PBXResourcesBuildPhase;
			buildActionMask = 2147483647;
			files = (
				C88F9E77230D791700E0168E /* LaunchScreen.storyboard in Resources */,
				C88F9E74230D791700E0168E /* Preview Assets.xcassets in Resources */,
				C88F9E71230D791700E0168E /* Assets.xcassets in Resources */,
			);
			runOnlyForDeploymentPostprocessing = 0;
		};
		C88F9E7B230D791700E0168E /* Resources */ = {
			isa = PBXResourcesBuildPhase;
			buildActionMask = 2147483647;
			files = (
			);
			runOnlyForDeploymentPostprocessing = 0;
		};
		C88F9E86230D791700E0168E /* Resources */ = {
			isa = PBXResourcesBuildPhase;
			buildActionMask = 2147483647;
			files = (
			);
			runOnlyForDeploymentPostprocessing = 0;
		};
/* End PBXResourcesBuildPhase section */

/* Begin PBXSourcesBuildPhase section */
		C88F9E63230D791500E0168E /* Sources */ = {
			isa = PBXSourcesBuildPhase;
			buildActionMask = 2147483647;
			files = (
				C88F9EC0230D891300E0168E /* ResetButton.swift in Sources */,
				C88F9E6B230D791500E0168E /* AppDelegate.swift in Sources */,
				C88F9EB4230D83F500E0168E /* OPButton.swift in Sources */,
				C88F9E6D230D791500E0168E /* SceneDelegate.swift in Sources */,
				C88F9E9F230D7D0800E0168E /* Numbers.swift in Sources */,
				C846AC4524325AAC0056C5D4 /* Zero.swift in Sources */,
				C88F9E6F230D791500E0168E /* ContentView.swift in Sources */,
			);
			runOnlyForDeploymentPostprocessing = 0;
		};
		C88F9E79230D791700E0168E /* Sources */ = {
			isa = PBXSourcesBuildPhase;
			buildActionMask = 2147483647;
			files = (
				C88F9E82230D791700E0168E /* CatalystCalculatorTests.swift in Sources */,
			);
			runOnlyForDeploymentPostprocessing = 0;
		};
		C88F9E84230D791700E0168E /* Sources */ = {
			isa = PBXSourcesBuildPhase;
			buildActionMask = 2147483647;
			files = (
				C88F9E8D230D791700E0168E /* CatalystCalculatorUITests.swift in Sources */,
			);
			runOnlyForDeploymentPostprocessing = 0;
		};
/* End PBXSourcesBuildPhase section */

/* Begin PBXTargetDependency section */
		C88F9E7F230D791700E0168E /* PBXTargetDependency */ = {
			isa = PBXTargetDependency;
			target = C88F9E66230D791500E0168E /* CatalystCalculator */;
			targetProxy = C88F9E7E230D791700E0168E /* PBXContainerItemProxy */;
		};
		C88F9E8A230D791700E0168E /* PBXTargetDependency */ = {
			isa = PBXTargetDependency;
			target = C88F9E66230D791500E0168E /* CatalystCalculator */;
			targetProxy = C88F9E89230D791700E0168E /* PBXContainerItemProxy */;
		};
/* End PBXTargetDependency section */

/* Begin PBXVariantGroup section */
		C88F9E75230D791700E0168E /* LaunchScreen.storyboard */ = {
			isa = PBXVariantGroup;
			children = (
				C88F9E76230D791700E0168E /* Base */,
			);
			name = LaunchScreen.storyboard;
			sourceTree = "<group>";
		};
/* End PBXVariantGroup section */

/* Begin XCBuildConfiguration section */
		C88F9E8F230D791700E0168E /* Debug */ = {
			isa = XCBuildConfiguration;
			buildSettings = {
				ALWAYS_SEARCH_USER_PATHS = NO;
				CLANG_ANALYZER_NONNULL = YES;
				CLANG_ANALYZER_NUMBER_OBJECT_CONVERSION = YES_AGGRESSIVE;
				CLANG_CXX_LANGUAGE_STANDARD = "gnu++14";
				CLANG_CXX_LIBRARY = "libc++";
				CLANG_ENABLE_MODULES = YES;
				CLANG_ENABLE_OBJC_ARC = YES;
				CLANG_ENABLE_OBJC_WEAK = YES;
				CLANG_WARN_BLOCK_CAPTURE_AUTORELEASING = YES;
				CLANG_WARN_BOOL_CONVERSION = YES;
				CLANG_WARN_COMMA = YES;
				CLANG_WARN_CONSTANT_CONVERSION = YES;
				CLANG_WARN_DEPRECATED_OBJC_IMPLEMENTATIONS = YES;
				CLANG_WARN_DIRECT_OBJC_ISA_USAGE = YES_ERROR;
				CLANG_WARN_DOCUMENTATION_COMMENTS = YES;
				CLANG_WARN_EMPTY_BODY = YES;
				CLANG_WARN_ENUM_CONVERSION = YES;
				CLANG_WARN_INFINITE_RECURSION = YES;
				CLANG_WARN_INT_CONVERSION = YES;
				CLANG_WARN_NON_LITERAL_NULL_CONVERSION = YES;
				CLANG_WARN_OBJC_IMPLICIT_RETAIN_SELF = YES;
				CLANG_WARN_OBJC_LITERAL_CONVERSION = YES;
				CLANG_WARN_OBJC_ROOT_CLASS = YES_ERROR;
				CLANG_WARN_RANGE_LOOP_ANALYSIS = YES;
				CLANG_WARN_STRICT_PROTOTYPES = YES;
				CLANG_WARN_SUSPICIOUS_MOVE = YES;
				CLANG_WARN_UNGUARDED_AVAILABILITY = YES_AGGRESSIVE;
				CLANG_WARN_UNREACHABLE_CODE = YES;
				CLANG_WARN__DUPLICATE_METHOD_MATCH = YES;
				COPY_PHASE_STRIP = NO;
				DEBUG_INFORMATION_FORMAT = dwarf;
				ENABLE_STRICT_OBJC_MSGSEND = YES;
				ENABLE_TESTABILITY = YES;
				GCC_C_LANGUAGE_STANDARD = gnu11;
				GCC_DYNAMIC_NO_PIC = NO;
				GCC_NO_COMMON_BLOCKS = YES;
				GCC_OPTIMIZATION_LEVEL = 0;
				GCC_PREPROCESSOR_DEFINITIONS = (
					"DEBUG=1",
					"$(inherited)",
				);
				GCC_WARN_64_TO_32_BIT_CONVERSION = YES;
				GCC_WARN_ABOUT_RETURN_TYPE = YES_ERROR;
				GCC_WARN_UNDECLARED_SELECTOR = YES;
				GCC_WARN_UNINITIALIZED_AUTOS = YES_AGGRESSIVE;
				GCC_WARN_UNUSED_FUNCTION = YES;
				GCC_WARN_UNUSED_VARIABLE = YES;
				IPHONEOS_DEPLOYMENT_TARGET = 13.0;
				MTL_ENABLE_DEBUG_INFO = INCLUDE_SOURCE;
				MTL_FAST_MATH = YES;
				ONLY_ACTIVE_ARCH = YES;
				SDKROOT = iphoneos;
				SWIFT_ACTIVE_COMPILATION_CONDITIONS = DEBUG;
				SWIFT_OPTIMIZATION_LEVEL = "-Onone";
			};
			name = Debug;
		};
		C88F9E90230D791700E0168E /* Release */ = {
			isa = XCBuildConfiguration;
			buildSettings = {
				ALWAYS_SEARCH_USER_PATHS = NO;
				CLANG_ANALYZER_NONNULL = YES;
				CLANG_ANALYZER_NUMBER_OBJECT_CONVERSION = YES_AGGRESSIVE;
				CLANG_CXX_LANGUAGE_STANDARD = "gnu++14";
				CLANG_CXX_LIBRARY = "libc++";
				CLANG_ENABLE_MODULES = YES;
				CLANG_ENABLE_OBJC_ARC = YES;
				CLANG_ENABLE_OBJC_WEAK = YES;
				CLANG_WARN_BLOCK_CAPTURE_AUTORELEASING = YES;
				CLANG_WARN_BOOL_CONVERSION = YES;
				CLANG_WARN_COMMA = YES;
				CLANG_WARN_CONSTANT_CONVERSION = YES;
				CLANG_WARN_DEPRECATED_OBJC_IMPLEMENTATIONS = YES;
				CLANG_WARN_DIRECT_OBJC_ISA_USAGE = YES_ERROR;
				CLANG_WARN_DOCUMENTATION_COMMENTS = YES;
				CLANG_WARN_EMPTY_BODY = YES;
				CLANG_WARN_ENUM_CONVERSION = YES;
				CLANG_WARN_INFINITE_RECURSION = YES;
				CLANG_WARN_INT_CONVERSION = YES;
				CLANG_WARN_NON_LITERAL_NULL_CONVERSION = YES;
				CLANG_WARN_OBJC_IMPLICIT_RETAIN_SELF = YES;
				CLANG_WARN_OBJC_LITERAL_CONVERSION = YES;
				CLANG_WARN_OBJC_ROOT_CLASS = YES_ERROR;
				CLANG_WARN_RANGE_LOOP_ANALYSIS = YES;
				CLANG_WARN_STRICT_PROTOTYPES = YES;
				CLANG_WARN_SUSPICIOUS_MOVE = YES;
				CLANG_WARN_UNGUARDED_AVAILABILITY = YES_AGGRESSIVE;
				CLANG_WARN_UNREACHABLE_CODE = YES;
				CLANG_WARN__DUPLICATE_METHOD_MATCH = YES;
				COPY_PHASE_STRIP = NO;
				DEBUG_INFORMATION_FORMAT = "dwarf-with-dsym";
				ENABLE_NS_ASSERTIONS = NO;
				ENABLE_STRICT_OBJC_MSGSEND = YES;
				GCC_C_LANGUAGE_STANDARD = gnu11;
				GCC_NO_COMMON_BLOCKS = YES;
				GCC_WARN_64_TO_32_BIT_CONVERSION = YES;
				GCC_WARN_ABOUT_RETURN_TYPE = YES_ERROR;
				GCC_WARN_UNDECLARED_SELECTOR = YES;
				GCC_WARN_UNINITIALIZED_AUTOS = YES_AGGRESSIVE;
				GCC_WARN_UNUSED_FUNCTION = YES;
				GCC_WARN_UNUSED_VARIABLE = YES;
				IPHONEOS_DEPLOYMENT_TARGET = 13.0;
				MTL_ENABLE_DEBUG_INFO = NO;
				MTL_FAST_MATH = YES;
				SDKROOT = iphoneos;
				SWIFT_COMPILATION_MODE = wholemodule;
				SWIFT_OPTIMIZATION_LEVEL = "-O";
				VALIDATE_PRODUCT = YES;
			};
			name = Release;
		};
		C88F9E92230D791700E0168E /* Debug */ = {
			isa = XCBuildConfiguration;
			buildSettings = {
				ASSETCATALOG_COMPILER_APPICON_NAME = AppIcon;
				CODE_SIGN_ENTITLEMENTS = CatalystCalculator/CatalystCalculator.entitlements;
				"CODE_SIGN_IDENTITY[sdk=macosx*]" = "Apple Development";
				CODE_SIGN_STYLE = Automatic;
				DEVELOPMENT_ASSET_PATHS = "\"CatalystCalculator/Preview Content\"";
				DEVELOPMENT_TEAM = DQL29KT775;
				"ENABLE_HARDENED_RUNTIME[sdk=macosx*]" = YES;
				ENABLE_PREVIEWS = YES;
				INFOPLIST_FILE = CatalystCalculator/Info.plist;
				LD_RUNPATH_SEARCH_PATHS = (
					"$(inherited)",
					"@executable_path/Frameworks",
				);
				PRODUCT_BUNDLE_IDENTIFIER = antonstadie.CatalystCalculator;
				PRODUCT_NAME = "$(TARGET_NAME)";
				SUPPORTS_MACCATALYST = NO;
				SUPPORTS_MAC_DESIGNED_FOR_IPHONE_IPAD = NO;
				SWIFT_VERSION = 5.0;
				TARGETED_DEVICE_FAMILY = 1;
			};
			name = Debug;
		};
		C88F9E93230D791700E0168E /* Release */ = {
			isa = XCBuildConfiguration;
			buildSettings = {
				ASSETCATALOG_COMPILER_APPICON_NAME = AppIcon;
				CODE_SIGN_ENTITLEMENTS = CatalystCalculator/CatalystCalculator.entitlements;
				"CODE_SIGN_IDENTITY[sdk=macosx*]" = "Apple Development";
				CODE_SIGN_STYLE = Automatic;
				DEVELOPMENT_ASSET_PATHS = "\"CatalystCalculator/Preview Content\"";
				DEVELOPMENT_TEAM = DQL29KT775;
				"ENABLE_HARDENED_RUNTIME[sdk=macosx*]" = YES;
				ENABLE_PREVIEWS = YES;
				INFOPLIST_FILE = CatalystCalculator/Info.plist;
				LD_RUNPATH_SEARCH_PATHS = (
					"$(inherited)",
					"@executable_path/Frameworks",
				);
				PRODUCT_BUNDLE_IDENTIFIER = de.4fo.CatalystCalculator;
				PRODUCT_NAME = "$(TARGET_NAME)";
				SUPPORTS_MACCATALYST = NO;
				SUPPORTS_MAC_DESIGNED_FOR_IPHONE_IPAD = NO;
				SWIFT_VERSION = 5.0;
				TARGETED_DEVICE_FAMILY = 1;
			};
			name = Release;
		};
		C88F9E95230D791700E0168E /* Debug */ = {
			isa = XCBuildConfiguration;
			buildSettings = {
				ALWAYS_EMBED_SWIFT_STANDARD_LIBRARIES = YES;
				BUNDLE_LOADER = "$(TEST_HOST)";
				CODE_SIGN_STYLE = Automatic;
				DEVELOPMENT_TEAM = DQL29KT775;
				INFOPLIST_FILE = CatalystCalculatorTests/Info.plist;
				IPHONEOS_DEPLOYMENT_TARGET = 13.0;
				LD_RUNPATH_SEARCH_PATHS = (
					"$(inherited)",
					"@executable_path/Frameworks",
					"@loader_path/Frameworks",
				);
				PRODUCT_BUNDLE_IDENTIFIER = de.4fo.CatalystCalculatorTests;
				PRODUCT_NAME = "$(TARGET_NAME)";
				SWIFT_VERSION = 5.0;
				TARGETED_DEVICE_FAMILY = "1,2";
				TEST_HOST = "$(BUILT_PRODUCTS_DIR)/CatalystCalculator.app/CatalystCalculator";
			};
			name = Debug;
		};
		C88F9E96230D791700E0168E /* Release */ = {
			isa = XCBuildConfiguration;
			buildSettings = {
				ALWAYS_EMBED_SWIFT_STANDARD_LIBRARIES = YES;
				BUNDLE_LOADER = "$(TEST_HOST)";
				CODE_SIGN_STYLE = Automatic;
				DEVELOPMENT_TEAM = DQL29KT775;
				INFOPLIST_FILE = CatalystCalculatorTests/Info.plist;
				IPHONEOS_DEPLOYMENT_TARGET = 13.0;
				LD_RUNPATH_SEARCH_PATHS = (
					"$(inherited)",
					"@executable_path/Frameworks",
					"@loader_path/Frameworks",
				);
				PRODUCT_BUNDLE_IDENTIFIER = de.4fo.CatalystCalculatorTests;
				PRODUCT_NAME = "$(TARGET_NAME)";
				SWIFT_VERSION = 5.0;
				TARGETED_DEVICE_FAMILY = "1,2";
				TEST_HOST = "$(BUILT_PRODUCTS_DIR)/CatalystCalculator.app/CatalystCalculator";
			};
			name = Release;
		};
		C88F9E98230D791700E0168E /* Debug */ = {
			isa = XCBuildConfiguration;
			buildSettings = {
				ALWAYS_EMBED_SWIFT_STANDARD_LIBRARIES = YES;
				CODE_SIGN_STYLE = Automatic;
				DEVELOPMENT_TEAM = DQL29KT775;
				INFOPLIST_FILE = CatalystCalculatorUITests/Info.plist;
				LD_RUNPATH_SEARCH_PATHS = (
					"$(inherited)",
					"@executable_path/Frameworks",
					"@loader_path/Frameworks",
				);
				PRODUCT_BUNDLE_IDENTIFIER = de.4fo.CatalystCalculatorUITests;
				PRODUCT_NAME = "$(TARGET_NAME)";
				SWIFT_VERSION = 5.0;
				TARGETED_DEVICE_FAMILY = "1,2";
				TEST_TARGET_NAME = CatalystCalculator;
			};
			name = Debug;
		};
		C88F9E99230D791700E0168E /* Release */ = {
			isa = XCBuildConfiguration;
			buildSettings = {
				ALWAYS_EMBED_SWIFT_STANDARD_LIBRARIES = YES;
				CODE_SIGN_STYLE = Automatic;
				DEVELOPMENT_TEAM = DQL29KT775;
				INFOPLIST_FILE = CatalystCalculatorUITests/Info.plist;
				LD_RUNPATH_SEARCH_PATHS = (
					"$(inherited)",
					"@executable_path/Frameworks",
					"@loader_path/Frameworks",
				);
				PRODUCT_BUNDLE_IDENTIFIER = de.4fo.CatalystCalculatorUITests;
				PRODUCT_NAME = "$(TARGET_NAME)";
				SWIFT_VERSION = 5.0;
				TARGETED_DEVICE_FAMILY = "1,2";
				TEST_TARGET_NAME = CatalystCalculator;
			};
			name = Release;
		};
/* End XCBuildConfiguration section */

/* Begin XCConfigurationList section */
		C88F9E62230D791500E0168E /* Build configuration list for PBXProject "CatalystCalculator" */ = {
			isa = XCConfigurationList;
			buildConfigurations = (
				C88F9E8F230D791700E0168E /* Debug */,
				C88F9E90230D791700E0168E /* Release */,
			);
			defaultConfigurationIsVisible = 0;
			defaultConfigurationName = Release;
		};
		C88F9E91230D791700E0168E /* Build configuration list for PBXNativeTarget "CatalystCalculator" */ = {
			isa = XCConfigurationList;
			buildConfigurations = (
				C88F9E92230D791700E0168E /* Debug */,
				C88F9E93230D791700E0168E /* Release */,
			);
			defaultConfigurationIsVisible = 0;
			defaultConfigurationName = Release;
		};
		C88F9E94230D791700E0168E /* Build configuration list for PBXNativeTarget "CatalystCalculatorTests" */ = {
			isa = XCConfigurationList;
			buildConfigurations = (
				C88F9E95230D791700E0168E /* Debug */,
				C88F9E96230D791700E0168E /* Release */,
			);
			defaultConfigurationIsVisible = 0;
			defaultConfigurationName = Release;
		};
		C88F9E97230D791700E0168E /* Build configuration list for PBXNativeTarget "CatalystCalculatorUITests" */ = {
			isa = XCConfigurationList;
			buildConfigurations = (
				C88F9E98230D791700E0168E /* Debug */,
				C88F9E99230D791700E0168E /* Release */,
			);
			defaultConfigurationIsVisible = 0;
			defaultConfigurationName = Release;
		};
/* End XCConfigurationList section */
	};
	rootObject = C88F9E5F230D791500E0168E /* Project object */;
}
